
Microsoft Visual Studio Solution File, Format Version 12.00
# Visual Studio Version 17
VisualStudioVersion = 17.2.32526.322
MinimumVisualStudioVersion = 10.0.40219.1
Project("{FAE04EC0-301F-11D3-BF4B-00C04F79EFBC}") = "RPG_project", "RPG_project\RPG_project.csproj", "{5638ABC1-B340-45C5-9CCC-A8D68B1818CD}"
EndProject
Global
	GlobalSection(SolutionConfigurationPlatforms) = preSolution
		Debug|Any CPU = Debug|Any CPU
		Release|Any CPU = Release|Any CPU
	EndGlobalSection
	GlobalSection(ProjectConfigurationPlatforms) = postSolution
		{5638ABC1-B340-45C5-9CCC-A8D68B1818CD}.Debug|Any CPU.ActiveCfg = Debug|Any CPU
		{5638ABC1-B340-45C5-9CCC-A8D68B1818CD}.Debug|Any CPU.Build.0 = Debug|Any CPU
		{5638ABC1-B340-45C5-9CCC-A8D68B1818CD}.Release|Any CPU.ActiveCfg = Release|Any CPU
		{5638ABC1-B340-45C5-9CCC-A8D68B1818CD}.Release|Any CPU.Build.0 = Release|Any CPU
	EndGlobalSection
	GlobalSection(SolutionProperties) = preSolution
		HideSolutionNode = FALSE
	EndGlobalSection
	GlobalSection(ExtensibilityGlobals) = postSolution
		SolutionGuid = {25F815FF-56A2-46DA-B069-913F8E5AF8E4}
	EndGlobalSection
EndGlobal
